{
    "name": "@deployport/api-services-corelib",
    "version": "0.1.1",
    "lockfileVersion": 3,
    "requires": true,
    "packages": {
        "": {
            "name": "@deployport/api-services-corelib",
            "version": "0.1.1",
            "license": "MIT",
            "dependencies": {
                "@aws-crypto/sha256-js": "^5.2.0",
                "@aws-sdk/types": "^3.515.0",
                "@deployport/specular-runtime": "^0.1.5"
            },
            "devDependencies": {
                "@tsconfig/node18": "^18.2.2",
                "@types/node": "^20.8.3"
            }
        },
        "node_modules/@aws-crypto/sha256-js": {
            "version": "5.2.0",
            "resolved": "https://registry.npmjs.org/@aws-crypto/sha256-js/-/sha256-js-5.2.0.tgz",
            "integrity": "sha512-FFQQyu7edu4ufvIZ+OadFpHHOt+eSTBaYaki44c+akjg7qZg9oOQeLlk77F6tSYqjDAFClrHJk9tMf0HdVyOvA==",
            "dependencies": {
                "@aws-crypto/util": "^5.2.0",
                "@aws-sdk/types": "^3.222.0",
                "tslib": "^2.6.2"
            },
            "engines": {
                "node": ">=16.0.0"
            }
        },
        "node_modules/@aws-crypto/util": {
            "version": "5.2.0",
            "resolved": "https://registry.npmjs.org/@aws-crypto/util/-/util-5.2.0.tgz",
            "integrity": "sha512-4RkU9EsI6ZpBve5fseQlGNUWKMa1RLPQ1dnjnQoe07ldfIzcsGb5hC5W0Dm7u423KWzawlrpbjXBrXCEv9zazQ==",
            "dependencies": {
                "@aws-sdk/types": "^3.222.0",
                "@smithy/util-utf8": "^2.0.0",
                "tslib": "^2.6.2"
            }
        },
        "node_modules/@aws-sdk/types": {
            "version": "3.535.0",
            "resolved": "https://registry.npmjs.org/@aws-sdk/types/-/types-3.535.0.tgz",
            "integrity": "sha512-aY4MYfduNj+sRR37U7XxYR8wemfbKP6lx00ze2M2uubn7mZotuVrWYAafbMSXrdEMSToE5JDhr28vArSOoLcSg==",
            "dependencies": {
                "@smithy/types": "^2.12.0",
                "tslib": "^2.6.2"
            },
            "engines": {
                "node": ">=14.0.0"
            }
        },
        "node_modules/@deployport/specular-runtime": {
            "version": "0.1.5",
            "resolved": "https://registry.npmjs.org/@deployport/specular-runtime/-/specular-runtime-0.1.5.tgz",
            "integrity": "sha512-qBBR2WsZoNAy8WY0Rl1PmxCxdfG5YEeN1G4O+eOYmWV+GqtYOy5Du3dKVPGbN7VjG/M59Fb1zBjzKV26XcznUQ==",
            "dependencies": {
                "@types/node": "^20.8.3",
                "response-iterator": "^0.2.6"
            }
        },
        "node_modules/@smithy/is-array-buffer": {
            "version": "2.2.0",
            "resolved": "https://registry.npmjs.org/@smithy/is-array-buffer/-/is-array-buffer-2.2.0.tgz",
            "integrity": "sha512-GGP3O9QFD24uGeAXYUjwSTXARoqpZykHadOmA8G5vfJPK0/DC67qa//0qvqrJzL1xc8WQWX7/yc7fwudjPHPhA==",
            "dependencies": {
                "tslib": "^2.6.2"
            },
            "engines": {
                "node": ">=14.0.0"
            }
        },
        "node_modules/@smithy/types": {
            "version": "2.12.0",
            "resolved": "https://registry.npmjs.org/@smithy/types/-/types-2.12.0.tgz",
            "integrity": "sha512-QwYgloJ0sVNBeBuBs65cIkTbfzV/Q6ZNPCJ99EICFEdJYG50nGIY/uYXp+TbsdJReIuPr0a0kXmCvren3MbRRw==",
            "dependencies": {
                "tslib": "^2.6.2"
            },
            "engines": {
                "node": ">=14.0.0"
            }
        },
        "node_modules/@smithy/util-buffer-from": {
            "version": "2.2.0",
            "resolved": "https://registry.npmjs.org/@smithy/util-buffer-from/-/util-buffer-from-2.2.0.tgz",
            "integrity": "sha512-IJdWBbTcMQ6DA0gdNhh/BwrLkDR+ADW5Kr1aZmd4k3DIF6ezMV4R2NIAmT08wQJ3yUK82thHWmC/TnK/wpMMIA==",
            "dependencies": {
                "@smithy/is-array-buffer": "^2.2.0",
                "tslib": "^2.6.2"
            },
            "engines": {
                "node": ">=14.0.0"
            }
        },
        "node_modules/@smithy/util-utf8": {
            "version": "2.3.0",
            "resolved": "https://registry.npmjs.org/@smithy/util-utf8/-/util-utf8-2.3.0.tgz",
            "integrity": "sha512-R8Rdn8Hy72KKcebgLiv8jQcQkXoLMOGGv5uI1/k0l+snqkOzQ1R0ChUBCxWMlBsFMekWjq0wRudIweFs7sKT5A==",
            "dependencies": {
                "@smithy/util-buffer-from": "^2.2.0",
                "tslib": "^2.6.2"
            },
            "engines": {
                "node": ">=14.0.0"
            }
        },
        "node_modules/@tsconfig/node18": {
            "version": "18.2.2",
            "resolved": "https://registry.npmjs.org/@tsconfig/node18/-/node18-18.2.2.tgz",
            "integrity": "sha512-d6McJeGsuoRlwWZmVIeE8CUA27lu6jLjvv1JzqmpsytOYYbVi1tHZEnwCNVOXnj4pyLvneZlFlpXUK+X9wBWyw==",
            "dev": true
        },
        "node_modules/@types/node": {
            "version": "20.11.30",
            "resolved": "https://registry.npmjs.org/@types/node/-/node-20.11.30.tgz",
            "integrity": "sha512-dHM6ZxwlmuZaRmUPfv1p+KrdD1Dci04FbdEm/9wEMouFqxYoFl5aMkt0VMAUtYRQDyYvD41WJLukhq/ha3YuTw==",
            "dependencies": {
                "undici-types": "~5.26.4"
            }
        },
        "node_modules/response-iterator": {
            "version": "0.2.6",
            "resolved": "https://registry.npmjs.org/response-iterator/-/response-iterator-0.2.6.tgz",
            "integrity": "sha512-pVzEEzrsg23Sh053rmDUvLSkGXluZio0qu8VT6ukrYuvtjVfCbDZH9d6PGXb8HZfzdNZt8feXv/jvUzlhRgLnw==",
            "engines": {
                "node": ">=0.8"
            }
        },
        "node_modules/tslib": {
            "version": "2.6.2",
            "resolved": "https://registry.npmjs.org/tslib/-/tslib-2.6.2.tgz",
            "integrity": "sha512-AEYxH93jGFPn/a2iVAwW87VuUIkR1FVUKB77NwMF7nBTDkDrrT/Hpt/IrCJ0QXhW27jTBDcf5ZY7w6RiqTMw2Q=="
        },
        "node_modules/undici-types": {
            "version": "5.26.5",
            "resolved": "https://registry.npmjs.org/undici-types/-/undici-types-5.26.5.tgz",
            "integrity": "sha512-JlCMO+ehdEIKqlFxk6IfVoAUVmgz7cU7zD/h9XZ0qzeosSHmUJVOzSQvvYSYWXkFXC+IfLKSIffhv0sVZup6pA=="
        }
    }
}
